
Microsoft Visual Studio Solution File, Format Version 12.00
# Visual Studio Version 17
VisualStudioVersion = 17.7.34031.279
MinimumVisualStudioVersion = 10.0.40219.1
Project("{9A19103F-16F7-4668-BE54-9A1E7A4F7556}") = "OracleSampleProject", "OracleSampleProject.csproj", "{71AA98D1-CB59-4319-A4CC-A646066BD285}"
EndProject
Global
	GlobalSection(SolutionConfigurationPlatforms) = preSolution
		Debug|Any CPU = Debug|Any CPU
		Release|Any CPU = Release|Any CPU
	EndGlobalSection
	GlobalSection(ProjectConfigurationPlatforms) = postSolution
		{71AA98D1-CB59-4319-A4CC-A646066BD285}.Debug|Any CPU.ActiveCfg = Debug|Any CPU
		{71AA98D1-CB59-4319-A4CC-A646066BD285}.Debug|Any CPU.Build.0 = Debug|Any CPU
		{71AA98D1-CB59-4319-A4CC-A646066BD285}.Release|Any CPU.ActiveCfg = Release|Any CPU
		{71AA98D1-CB59-4319-A4CC-A646066BD285}.Release|Any CPU.Build.0 = Release|Any CPU
	EndGlobalSection
	GlobalSection(SolutionProperties) = preSolution
		HideSolutionNode = FALSE
	EndGlobalSection
	GlobalSection(ExtensibilityGlobals) = postSolution
		SolutionGuid = {C91ECC82-4FFC-4BE0-8038-20E731F7F14C}
	EndGlobalSection
EndGlobal
